
Microsoft Visual Studio Solution File, Format Version 12.00
# Visual Studio 15
VisualStudioVersion = 15.0.26430.16
MinimumVisualStudioVersion = 10.0.40219.1
Project("{FAE04EC0-301F-11D3-BF4B-00C04F79EFBC}") = "GigHub", "GigHub\GigHub.csproj", "{1AC19301-3886-466F-8BB7-5B1FE412E347}"
EndProject
Project("{FAE04EC0-301F-11D3-BF4B-00C04F79EFBC}") = "GigHub.Tests", "GigHub.Tests\GigHub.Tests.csproj", "{7A9C5DB5-2343-4116-8849-1A96073CA39F}"
EndProject
Project("{FAE04EC0-301F-11D3-BF4B-00C04F79EFBC}") = "GigHub.IntegrationTests", "GigHub.IntegrationTests\GigHub.IntegrationTests.csproj", "{9CFA52A4-0398-4C11-B5F4-34F0949AE64D}"
EndProject
Global
	GlobalSection(SolutionConfigurationPlatforms) = preSolution
		Debug|Any CPU = Debug|Any CPU
		Release|Any CPU = Release|Any CPU
	EndGlobalSection
	GlobalSection(ProjectConfigurationPlatforms) = postSolution
		{1AC19301-3886-466F-8BB7-5B1FE412E347}.Debug|Any CPU.ActiveCfg = Debug|Any CPU
		{1AC19301-3886-466F-8BB7-5B1FE412E347}.Debug|Any CPU.Build.0 = Debug|Any CPU
		{1AC19301-3886-466F-8BB7-5B1FE412E347}.Release|Any CPU.ActiveCfg = Release|Any CPU
		{1AC19301-3886-466F-8BB7-5B1FE412E347}.Release|Any CPU.Build.0 = Release|Any CPU
		{7A9C5DB5-2343-4116-8849-1A96073CA39F}.Debug|Any CPU.ActiveCfg = Debug|Any CPU
		{7A9C5DB5-2343-4116-8849-1A96073CA39F}.Debug|Any CPU.Build.0 = Debug|Any CPU
		{7A9C5DB5-2343-4116-8849-1A96073CA39F}.Release|Any CPU.ActiveCfg = Release|Any CPU
		{7A9C5DB5-2343-4116-8849-1A96073CA39F}.Release|Any CPU.Build.0 = Release|Any CPU
		{9CFA52A4-0398-4C11-B5F4-34F0949AE64D}.Debug|Any CPU.ActiveCfg = Debug|Any CPU
		{9CFA52A4-0398-4C11-B5F4-34F0949AE64D}.Debug|Any CPU.Build.0 = Debug|Any CPU
		{9CFA52A4-0398-4C11-B5F4-34F0949AE64D}.Release|Any CPU.ActiveCfg = Release|Any CPU
		{9CFA52A4-0398-4C11-B5F4-34F0949AE64D}.Release|Any CPU.Build.0 = Release|Any CPU
	EndGlobalSection
	GlobalSection(SolutionProperties) = preSolution
		HideSolutionNode = FALSE
	EndGlobalSection
	GlobalSection(TeamFoundationVersionControl) = preSolution
		SccNumberOfProjects = 4
		SccEnterpriseProvider = {4CA58AB2-18FA-4F8D-95D4-32DDF27D184C}
		SccTeamFoundationServer = https://mansour-abdullah.visualstudio.com/
		SccLocalPath0 = .
		SccProjectUniqueName1 = GigHub\\GigHub.csproj
		SccProjectName1 = GigHub
		SccLocalPath1 = GigHub
		SccProjectUniqueName2 = GigHub.Tests\\GigHub.Tests.csproj
		SccProjectName2 = GigHub.Tests
		SccLocalPath2 = GigHub.Tests
		SccProjectUniqueName3 = GigHub.IntegrationTests\\GigHub.IntegrationTests.csproj
		SccProjectName3 = GigHub.IntegrationTests
		SccLocalPath3 = GigHub.IntegrationTests
	EndGlobalSection
EndGlobal
